{
  "name": "madhatter",
  "version": "0.2.0",
  "dependencies": {
    "acorn": {
      "version": "2.7.0",
      "from": "acorn@>=2.7.0 <3.0.0",
      "resolved": "https://registry.npmjs.org/acorn/-/acorn-2.7.0.tgz"
    },
    "asea": {
      "version": "0.4.0",
      "from": "asea@latest",
      "resolved": "https://registry.npmjs.org/asea/-/asea-0.4.0.tgz",
      "dependencies": {
        "harden": {
          "version": "0.7.0",
          "from": "harden@latest",
          "resolved": "https://registry.npmjs.org/harden/-/harden-0.7.0.tgz"
        }
      }
    },
    "esprima": {
      "version": "3.1.2",
      "from": "esprima@latest",
      "resolved": "https://registry.npmjs.org/esprima/-/esprima-3.1.2.tgz"
    },
    "minimist": {
      "version": "0.0.10",
      "from": "minimist@>=0.0.1 <0.1.0",
      "resolved": "https://registry.npmjs.org/minimist/-/minimist-0.0.10.tgz"
    },
    "optimist": {
      "version": "0.6.0",
      "from": "optimist@0.6.0",
      "resolved": "https://registry.npmjs.org/optimist/-/optimist-0.6.0.tgz"
    },
    "syntax-error": {
      "version": "1.1.6",
      "from": "syntax-error@latest",
      "resolved": "https://registry.npmjs.org/syntax-error/-/syntax-error-1.1.6.tgz"
    },
    "unused": {
      "version": "0.2.2",
      "from": "unused@latest",
      "resolved": "https://registry.npmjs.org/unused/-/unused-0.2.2.tgz",
      "dependencies": {
        "esprima": {
          "version": "1.0.0",
          "from": "esprima@1.0.0",
          "resolved": "https://registry.npmjs.org/esprima/-/esprima-1.0.0.tgz"
        }
      }
    },
    "wordwrap": {
      "version": "0.0.3",
      "from": "wordwrap@>=0.0.2 <0.1.0",
      "resolved": "https://registry.npmjs.org/wordwrap/-/wordwrap-0.0.3.tgz"
    }
  }
}
